// !$*UTF8*$!
{
	archiveVersion = 1;
	classes = {
	};
	objectVersion = 56;
	objects = {

/* Begin PBXBuildFile section */
		9B36AFFF299B1D12001BB84B /* Stephs_RecsApp.swift in Sources */ = {isa = PBXBuildFile; fileRef = 9B36AFFE299B1D12001BB84B /* Stephs_RecsApp.swift */; };
		9B36B001299B1D12001BB84B /* ContentView.swift in Sources */ = {isa = PBXBuildFile; fileRef = 9B36B000299B1D12001BB84B /* ContentView.swift */; };
		9B36B003299B1D14001BB84B /* Assets.xcassets in Resources */ = {isa = PBXBuildFile; fileRef = 9B36B002299B1D14001BB84B /* Assets.xcassets */; };
		9B36B006299B1D14001BB84B /* Preview Assets.xcassets in Resources */ = {isa = PBXBuildFile; fileRef = 9B36B005299B1D14001BB84B /* Preview Assets.xcassets */; };
		9B36B011299B2014001BB84B /* MainView.swift in Sources */ = {isa = PBXBuildFile; fileRef = 9B36B010299B2014001BB84B /* MainView.swift */; };
		9B36B013299B2332001BB84B /* BlogPost.swift in Sources */ = {isa = PBXBuildFile; fileRef = 9B36B012299B2332001BB84B /* BlogPost.swift */; };
		9B65C4B8299B2BC800B6A9EB /* ListView.swift in Sources */ = {isa = PBXBuildFile; fileRef = 9B65C4B7299B2BC800B6A9EB /* ListView.swift */; };
		9B65C4BA299B2C4100B6A9EB /* FavoritesView.swift in Sources */ = {isa = PBXBuildFile; fileRef = 9B65C4B9299B2C4100B6A9EB /* FavoritesView.swift */; };
		9B65C4BC299B310300B6A9EB /* AboutView.swift in Sources */ = {isa = PBXBuildFile; fileRef = 9B65C4BB299B310300B6A9EB /* AboutView.swift */; };
		9B65C4BE299B371700B6A9EB /* PostRow.swift in Sources */ = {isa = PBXBuildFile; fileRef = 9B65C4BD299B371700B6A9EB /* PostRow.swift */; };
		9B65C4C0299B38FC00B6A9EB /* PostList.swift in Sources */ = {isa = PBXBuildFile; fileRef = 9B65C4BF299B38FC00B6A9EB /* PostList.swift */; };
		9B65C4C3299B3B4600B6A9EB /* AllBlogPosts.swift in Sources */ = {isa = PBXBuildFile; fileRef = 9B65C4C2299B3B4600B6A9EB /* AllBlogPosts.swift */; };
/* End PBXBuildFile section */

/* Begin PBXFileReference section */
		9B36AFFB299B1D12001BB84B /* Stephs-Recs.app */ = {isa = PBXFileReference; explicitFileType = wrapper.application; includeInIndex = 0; path = "Stephs-Recs.app"; sourceTree = BUILT_PRODUCTS_DIR; };
		9B36AFFE299B1D12001BB84B /* Stephs_RecsApp.swift */ = {isa = PBXFileReference; lastKnownFileType = sourcecode.swift; path = Stephs_RecsApp.swift; sourceTree = "<group>"; };
		9B36B000299B1D12001BB84B /* ContentView.swift */ = {isa = PBXFileReference; lastKnownFileType = sourcecode.swift; path = ContentView.swift; sourceTree = "<group>"; };
		9B36B002299B1D14001BB84B /* Assets.xcassets */ = {isa = PBXFileReference; lastKnownFileType = folder.assetcatalog; path = Assets.xcassets; sourceTree = "<group>"; };
		9B36B005299B1D14001BB84B /* Preview Assets.xcassets */ = {isa = PBXFileReference; lastKnownFileType = folder.assetcatalog; path = "Preview Assets.xcassets"; sourceTree = "<group>"; };
		9B36B010299B2014001BB84B /* MainView.swift */ = {isa = PBXFileReference; lastKnownFileType = sourcecode.swift; path = MainView.swift; sourceTree = "<group>"; };
		9B36B012299B2332001BB84B /* BlogPost.swift */ = {isa = PBXFileReference; lastKnownFileType = sourcecode.swift; path = BlogPost.swift; sourceTree = "<group>"; };
		9B65C4B7299B2BC800B6A9EB /* ListView.swift */ = {isa = PBXFileReference; lastKnownFileType = sourcecode.swift; path = ListView.swift; sourceTree = "<group>"; };
		9B65C4B9299B2C4100B6A9EB /* FavoritesView.swift */ = {isa = PBXFileReference; lastKnownFileType = sourcecode.swift; path = FavoritesView.swift; sourceTree = "<group>"; };
		9B65C4BB299B310300B6A9EB /* AboutView.swift */ = {isa = PBXFileReference; lastKnownFileType = sourcecode.swift; path = AboutView.swift; sourceTree = "<group>"; };
		9B65C4BD299B371700B6A9EB /* PostRow.swift */ = {isa = PBXFileReference; lastKnownFileType = sourcecode.swift; path = PostRow.swift; sourceTree = "<group>"; };
		9B65C4BF299B38FC00B6A9EB /* PostList.swift */ = {isa = PBXFileReference; lastKnownFileType = sourcecode.swift; path = PostList.swift; sourceTree = "<group>"; };
		9B65C4C2299B3B4600B6A9EB /* AllBlogPosts.swift */ = {isa = PBXFileReference; lastKnownFileType = sourcecode.swift; path = AllBlogPosts.swift; sourceTree = "<group>"; };
/* End PBXFileReference section */

/* Begin PBXFrameworksBuildPhase section */
		9B36AFF8299B1D12001BB84B /* Frameworks */ = {
			isa = PBXFrameworksBuildPhase;
			buildActionMask = 2147483647;
			files = (
			);
			runOnlyForDeploymentPostprocessing = 0;
		};
/* End PBXFrameworksBuildPhase section */

/* Begin PBXGroup section */
		9B36AFF2299B1D12001BB84B = {
			isa = PBXGroup;
			children = (
				9B36AFFD299B1D12001BB84B /* Stephs-Recs */,
				9B36AFFC299B1D12001BB84B /* Products */,
			);
			sourceTree = "<group>";
		};
		9B36AFFC299B1D12001BB84B /* Products */ = {
			isa = PBXGroup;
			children = (
				9B36AFFB299B1D12001BB84B /* Stephs-Recs.app */,
			);
			name = Products;
			sourceTree = "<group>";
		};
		9B36AFFD299B1D12001BB84B /* Stephs-Recs */ = {
			isa = PBXGroup;
			children = (
				9B36B00D299B1D40001BB84B /* Views */,
				9B36B00C299B1D3A001BB84B /* Models */,
				9B36AFFE299B1D12001BB84B /* Stephs_RecsApp.swift */,
				9B36B000299B1D12001BB84B /* ContentView.swift */,
				9B36B002299B1D14001BB84B /* Assets.xcassets */,
				9B36B004299B1D14001BB84B /* Preview Content */,
				9B65C4C2299B3B4600B6A9EB /* AllBlogPosts.swift */,
			);
			path = "Stephs-Recs";
			sourceTree = "<group>";
		};
		9B36B004299B1D14001BB84B /* Preview Content */ = {
			isa = PBXGroup;
			children = (
				9B36B005299B1D14001BB84B /* Preview Assets.xcassets */,
			);
			path = "Preview Content";
			sourceTree = "<group>";
		};
		9B36B00C299B1D3A001BB84B /* Models */ = {
			isa = PBXGroup;
			children = (
				9B36B012299B2332001BB84B /* BlogPost.swift */,
			);
			path = Models;
			sourceTree = "<group>";
		};
		9B36B00D299B1D40001BB84B /* Views */ = {
			isa = PBXGroup;
			children = (
				9B36B010299B2014001BB84B /* MainView.swift */,
				9B65C4B7299B2BC800B6A9EB /* ListView.swift */,
				9B65C4B9299B2C4100B6A9EB /* FavoritesView.swift */,
				9B65C4BB299B310300B6A9EB /* AboutView.swift */,
				9B65C4C1299B390400B6A9EB /* Posts */,
			);
			path = Views;
			sourceTree = "<group>";
		};
		9B65C4C1299B390400B6A9EB /* Posts */ = {
			isa = PBXGroup;
			children = (
				9B65C4BD299B371700B6A9EB /* PostRow.swift */,
				9B65C4BF299B38FC00B6A9EB /* PostList.swift */,
			);
			path = Posts;
			sourceTree = "<group>";
		};
/* End PBXGroup section */

/* Begin PBXNativeTarget section */
		9B36AFFA299B1D12001BB84B /* Stephs-Recs */ = {
			isa = PBXNativeTarget;
			buildConfigurationList = 9B36B009299B1D14001BB84B /* Build configuration list for PBXNativeTarget "Stephs-Recs" */;
			buildPhases = (
				9B36AFF7299B1D12001BB84B /* Sources */,
				9B36AFF8299B1D12001BB84B /* Frameworks */,
				9B36AFF9299B1D12001BB84B /* Resources */,
			);
			buildRules = (
			);
			dependencies = (
			);
			name = "Stephs-Recs";
			productName = "Stephs-Recs";
			productReference = 9B36AFFB299B1D12001BB84B /* Stephs-Recs.app */;
			productType = "com.apple.product-type.application";
		};
/* End PBXNativeTarget section */

/* Begin PBXProject section */
		9B36AFF3299B1D12001BB84B /* Project object */ = {
			isa = PBXProject;
			attributes = {
				BuildIndependentTargetsInParallel = 1;
				LastSwiftUpdateCheck = 1400;
				LastUpgradeCheck = 1400;
				TargetAttributes = {
					9B36AFFA299B1D12001BB84B = {
						CreatedOnToolsVersion = 14.0.1;
					};
				};
			};
			buildConfigurationList = 9B36AFF6299B1D12001BB84B /* Build configuration list for PBXProject "Stephs-Recs" */;
			compatibilityVersion = "Xcode 14.0";
			developmentRegion = en;
			hasScannedForEncodings = 0;
			knownRegions = (
				en,
				Base,
			);
			mainGroup = 9B36AFF2299B1D12001BB84B;
			productRefGroup = 9B36AFFC299B1D12001BB84B /* Products */;
			projectDirPath = "";
			projectRoot = "";
			targets = (
				9B36AFFA299B1D12001BB84B /* Stephs-Recs */,
			);
		};
/* End PBXProject section */

/* Begin PBXResourcesBuildPhase section */
		9B36AFF9299B1D12001BB84B /* Resources */ = {
			isa = PBXResourcesBuildPhase;
			buildActionMask = 2147483647;
			files = (
				9B36B006299B1D14001BB84B /* Preview Assets.xcassets in Resources */,
				9B36B003299B1D14001BB84B /* Assets.xcassets in Resources */,
			);
			runOnlyForDeploymentPostprocessing = 0;
		};
/* End PBXResourcesBuildPhase section */

/* Begin PBXSourcesBuildPhase section */
		9B36AFF7299B1D12001BB84B /* Sources */ = {
			isa = PBXSourcesBuildPhase;
			buildActionMask = 2147483647;
			files = (
				9B36B001299B1D12001BB84B /* ContentView.swift in Sources */,
				9B65C4C0299B38FC00B6A9EB /* PostList.swift in Sources */,
				9B65C4BC299B310300B6A9EB /* AboutView.swift in Sources */,
				9B36B011299B2014001BB84B /* MainView.swift in Sources */,
				9B65C4BA299B2C4100B6A9EB /* FavoritesView.swift in Sources */,
				9B65C4B8299B2BC800B6A9EB /* ListView.swift in Sources */,
				9B36AFFF299B1D12001BB84B /* Stephs_RecsApp.swift in Sources */,
				9B65C4C3299B3B4600B6A9EB /* AllBlogPosts.swift in Sources */,
				9B65C4BE299B371700B6A9EB /* PostRow.swift in Sources */,
				9B36B013299B2332001BB84B /* BlogPost.swift in Sources */,
			);
			runOnlyForDeploymentPostprocessing = 0;
		};
/* End PBXSourcesBuildPhase section */

/* Begin XCBuildConfiguration section */
		9B36B007299B1D14001BB84B /* Debug */ = {
			isa = XCBuildConfiguration;
			buildSettings = {
				ALWAYS_SEARCH_USER_PATHS = NO;
				CLANG_ANALYZER_NONNULL = YES;
				CLANG_ANALYZER_NUMBER_OBJECT_CONVERSION = YES_AGGRESSIVE;
				CLANG_CXX_LANGUAGE_STANDARD = "gnu++20";
				CLANG_ENABLE_MODULES = YES;
				CLANG_ENABLE_OBJC_ARC = YES;
				CLANG_ENABLE_OBJC_WEAK = YES;
				CLANG_WARN_BLOCK_CAPTURE_AUTORELEASING = YES;
				CLANG_WARN_BOOL_CONVERSION = YES;
				CLANG_WARN_COMMA = YES;
				CLANG_WARN_CONSTANT_CONVERSION = YES;
				CLANG_WARN_DEPRECATED_OBJC_IMPLEMENTATIONS = YES;
				CLANG_WARN_DIRECT_OBJC_ISA_USAGE = YES_ERROR;
				CLANG_WARN_DOCUMENTATION_COMMENTS = YES;
				CLANG_WARN_EMPTY_BODY = YES;
				CLANG_WARN_ENUM_CONVERSION = YES;
				CLANG_WARN_INFINITE_RECURSION = YES;
				CLANG_WARN_INT_CONVERSION = YES;
				CLANG_WARN_NON_LITERAL_NULL_CONVERSION = YES;
				CLANG_WARN_OBJC_IMPLICIT_RETAIN_SELF = YES;
				CLANG_WARN_OBJC_LITERAL_CONVERSION = YES;
				CLANG_WARN_OBJC_ROOT_CLASS = YES_ERROR;
				CLANG_WARN_QUOTED_INCLUDE_IN_FRAMEWORK_HEADER = YES;
				CLANG_WARN_RANGE_LOOP_ANALYSIS = YES;
				CLANG_WARN_STRICT_PROTOTYPES = YES;
				CLANG_WARN_SUSPICIOUS_MOVE = YES;
				CLANG_WARN_UNGUARDED_AVAILABILITY = YES_AGGRESSIVE;
				CLANG_WARN_UNREACHABLE_CODE = YES;
				CLANG_WARN__DUPLICATE_METHOD_MATCH = YES;
				COPY_PHASE_STRIP = NO;
				DEBUG_INFORMATION_FORMAT = dwarf;
				ENABLE_STRICT_OBJC_MSGSEND = YES;
				ENABLE_TESTABILITY = YES;
				GCC_C_LANGUAGE_STANDARD = gnu11;
				GCC_DYNAMIC_NO_PIC = NO;
				GCC_NO_COMMON_BLOCKS = YES;
				GCC_OPTIMIZATION_LEVEL = 0;
				GCC_PREPROCESSOR_DEFINITIONS = (
					"DEBUG=1",
					"$(inherited)",
				);
				GCC_WARN_64_TO_32_BIT_CONVERSION = YES;
				GCC_WARN_ABOUT_RETURN_TYPE = YES_ERROR;
				GCC_WARN_UNDECLARED_SELECTOR = YES;
				GCC_WARN_UNINITIALIZED_AUTOS = YES_AGGRESSIVE;
				GCC_WARN_UNUSED_FUNCTION = YES;
				GCC_WARN_UNUSED_VARIABLE = YES;
				IPHONEOS_DEPLOYMENT_TARGET = 16.0;
				MTL_ENABLE_DEBUG_INFO = INCLUDE_SOURCE;
				MTL_FAST_MATH = YES;
				ONLY_ACTIVE_ARCH = YES;
				SDKROOT = iphoneos;
				SWIFT_ACTIVE_COMPILATION_CONDITIONS = DEBUG;
				SWIFT_OPTIMIZATION_LEVEL = "-Onone";
			};
			name = Debug;
		};
		9B36B008299B1D14001BB84B /* Release */ = {
			isa = XCBuildConfiguration;
			buildSettings = {
				ALWAYS_SEARCH_USER_PATHS = NO;
				CLANG_ANALYZER_NONNULL = YES;
				CLANG_ANALYZER_NUMBER_OBJECT_CONVERSION = YES_AGGRESSIVE;
				CLANG_CXX_LANGUAGE_STANDARD = "gnu++20";
				CLANG_ENABLE_MODULES = YES;
				CLANG_ENABLE_OBJC_ARC = YES;
				CLANG_ENABLE_OBJC_WEAK = YES;
				CLANG_WARN_BLOCK_CAPTURE_AUTORELEASING = YES;
				CLANG_WARN_BOOL_CONVERSION = YES;
				CLANG_WARN_COMMA = YES;
				CLANG_WARN_CONSTANT_CONVERSION = YES;
				CLANG_WARN_DEPRECATED_OBJC_IMPLEMENTATIONS = YES;
				CLANG_WARN_DIRECT_OBJC_ISA_USAGE = YES_ERROR;
				CLANG_WARN_DOCUMENTATION_COMMENTS = YES;
				CLANG_WARN_EMPTY_BODY = YES;
				CLANG_WARN_ENUM_CONVERSION = YES;
				CLANG_WARN_INFINITE_RECURSION = YES;
				CLANG_WARN_INT_CONVERSION = YES;
				CLANG_WARN_NON_LITERAL_NULL_CONVERSION = YES;
				CLANG_WARN_OBJC_IMPLICIT_RETAIN_SELF = YES;
				CLANG_WARN_OBJC_LITERAL_CONVERSION = YES;
				CLANG_WARN_OBJC_ROOT_CLASS = YES_ERROR;
				CLANG_WARN_QUOTED_INCLUDE_IN_FRAMEWORK_HEADER = YES;
				CLANG_WARN_RANGE_LOOP_ANALYSIS = YES;
				CLANG_WARN_STRICT_PROTOTYPES = YES;
				CLANG_WARN_SUSPICIOUS_MOVE = YES;
				CLANG_WARN_UNGUARDED_AVAILABILITY = YES_AGGRESSIVE;
				CLANG_WARN_UNREACHABLE_CODE = YES;
				CLANG_WARN__DUPLICATE_METHOD_MATCH = YES;
				COPY_PHASE_STRIP = NO;
				DEBUG_INFORMATION_FORMAT = "dwarf-with-dsym";
				ENABLE_NS_ASSERTIONS = NO;
				ENABLE_STRICT_OBJC_MSGSEND = YES;
				GCC_C_LANGUAGE_STANDARD = gnu11;
				GCC_NO_COMMON_BLOCKS = YES;
				GCC_WARN_64_TO_32_BIT_CONVERSION = YES;
				GCC_WARN_ABOUT_RETURN_TYPE = YES_ERROR;
				GCC_WARN_UNDECLARED_SELECTOR = YES;
				GCC_WARN_UNINITIALIZED_AUTOS = YES_AGGRESSIVE;
				GCC_WARN_UNUSED_FUNCTION = YES;
				GCC_WARN_UNUSED_VARIABLE = YES;
				IPHONEOS_DEPLOYMENT_TARGET = 16.0;
				MTL_ENABLE_DEBUG_INFO = NO;
				MTL_FAST_MATH = YES;
				SDKROOT = iphoneos;
				SWIFT_COMPILATION_MODE = wholemodule;
				SWIFT_OPTIMIZATION_LEVEL = "-O";
				VALIDATE_PRODUCT = YES;
			};
			name = Release;
		};
		9B36B00A299B1D14001BB84B /* Debug */ = {
			isa = XCBuildConfiguration;
			buildSettings = {
				ASSETCATALOG_COMPILER_APPICON_NAME = AppIcon;
				ASSETCATALOG_COMPILER_GLOBAL_ACCENT_COLOR_NAME = AccentColor;
				CODE_SIGN_STYLE = Automatic;
				CURRENT_PROJECT_VERSION = 1;
				DEVELOPMENT_ASSET_PATHS = "\"Stephs-Recs/Preview Content\"";
				DEVELOPMENT_TEAM = 7B8LH2Z386;
				ENABLE_PREVIEWS = YES;
				GENERATE_INFOPLIST_FILE = YES;
				INFOPLIST_KEY_UIApplicationSceneManifest_Generation = YES;
				INFOPLIST_KEY_UIApplicationSupportsIndirectInputEvents = YES;
				INFOPLIST_KEY_UILaunchScreen_Generation = YES;
				INFOPLIST_KEY_UISupportedInterfaceOrientations = UIInterfaceOrientationPortrait;
				INFOPLIST_KEY_UISupportedInterfaceOrientations_iPad = "UIInterfaceOrientationLandscapeLeft UIInterfaceOrientationLandscapeRight UIInterfaceOrientationPortrait UIInterfaceOrientationPortraitUpsideDown";
				IPHONEOS_DEPLOYMENT_TARGET = 14.0;
				LD_RUNPATH_SEARCH_PATHS = (
					"$(inherited)",
					"@executable_path/Frameworks",
				);
				MARKETING_VERSION = 1.0;
				PRODUCT_BUNDLE_IDENTIFIER = "com.stephaniemichael.Stephs-Recs";
				PRODUCT_NAME = "$(TARGET_NAME)";
				SUPPORTED_PLATFORMS = "iphoneos iphonesimulator";
				SUPPORTS_MACCATALYST = NO;
				SUPPORTS_MAC_DESIGNED_FOR_IPHONE_IPAD = NO;
				SWIFT_EMIT_LOC_STRINGS = YES;
				SWIFT_VERSION = 5.0;
				TARGETED_DEVICE_FAMILY = 1;
			};
			name = Debug;
		};
		9B36B00B299B1D14001BB84B /* Release */ = {
			isa = XCBuildConfiguration;
			buildSettings = {
				ASSETCATALOG_COMPILER_APPICON_NAME = AppIcon;
				ASSETCATALOG_COMPILER_GLOBAL_ACCENT_COLOR_NAME = AccentColor;
				CODE_SIGN_STYLE = Automatic;
				CURRENT_PROJECT_VERSION = 1;
				DEVELOPMENT_ASSET_PATHS = "\"Stephs-Recs/Preview Content\"";
				DEVELOPMENT_TEAM = 7B8LH2Z386;
				ENABLE_PREVIEWS = YES;
				GENERATE_INFOPLIST_FILE = YES;
				INFOPLIST_KEY_UIApplicationSceneManifest_Generation = YES;
				INFOPLIST_KEY_UIApplicationSupportsIndirectInputEvents = YES;
				INFOPLIST_KEY_UILaunchScreen_Generation = YES;
				INFOPLIST_KEY_UISupportedInterfaceOrientations = UIInterfaceOrientationPortrait;
				INFOPLIST_KEY_UISupportedInterfaceOrientations_iPad = "UIInterfaceOrientationLandscapeLeft UIInterfaceOrientationLandscapeRight UIInterfaceOrientationPortrait UIInterfaceOrientationPortraitUpsideDown";
				IPHONEOS_DEPLOYMENT_TARGET = 14.0;
				LD_RUNPATH_SEARCH_PATHS = (
					"$(inherited)",
					"@executable_path/Frameworks",
				);
				MARKETING_VERSION = 1.0;
				PRODUCT_BUNDLE_IDENTIFIER = "com.stephaniemichael.Stephs-Recs";
				PRODUCT_NAME = "$(TARGET_NAME)";
				SUPPORTED_PLATFORMS = "iphoneos iphonesimulator";
				SUPPORTS_MACCATALYST = NO;
				SUPPORTS_MAC_DESIGNED_FOR_IPHONE_IPAD = NO;
				SWIFT_EMIT_LOC_STRINGS = YES;
				SWIFT_VERSION = 5.0;
				TARGETED_DEVICE_FAMILY = 1;
			};
			name = Release;
		};
/* End XCBuildConfiguration section */

/* Begin XCConfigurationList section */
		9B36AFF6299B1D12001BB84B /* Build configuration list for PBXProject "Stephs-Recs" */ = {
			isa = XCConfigurationList;
			buildConfigurations = (
				9B36B007299B1D14001BB84B /* Debug */,
				9B36B008299B1D14001BB84B /* Release */,
			);
			defaultConfigurationIsVisible = 0;
			defaultConfigurationName = Release;
		};
		9B36B009299B1D14001BB84B /* Build configuration list for PBXNativeTarget "Stephs-Recs" */ = {
			isa = XCConfigurationList;
			buildConfigurations = (
				9B36B00A299B1D14001BB84B /* Debug */,
				9B36B00B299B1D14001BB84B /* Release */,
			);
			defaultConfigurationIsVisible = 0;
			defaultConfigurationName = Release;
		};
/* End XCConfigurationList section */
	};
	rootObject = 9B36AFF3299B1D12001BB84B /* Project object */;
}
